	<Project xmlns="http://schemas.microsoft.com/developer/msbuild/2003">
		<PropertyGroup>
			<ProjectGuid>{7d840363-ef65-41ce-8e9f-7b0ac9d5746c}</ProjectGuid>
			<MainSource>MyCafe_Server.dpr</MainSource>
			<Configuration Condition=" '$(Configuration)' == '' ">Debug</Configuration>
			<Platform Condition=" '$(Platform)' == '' ">AnyCPU</Platform>
			<DCC_DCCCompiler>DCC32</DCC_DCCCompiler>
			<DCC_DependencyCheckOutputName>MyCafe_Server.exe</DCC_DependencyCheckOutputName>
			<ProjectVersion>12.0</ProjectVersion>
			<Config Condition="'$(Config)'==''">Debug</Config>
		</PropertyGroup>
		<PropertyGroup Condition="'$(Config)'=='Base' or '$(Base)'!=''">
			<Base>true</Base>
		</PropertyGroup>
		<PropertyGroup Condition="'$(Config)'=='Release' or '$(Cfg_1)'!=''">
			<Cfg_1>true</Cfg_1>
			<CfgParent>Base</CfgParent>
			<Base>true</Base>
		</PropertyGroup>
		<PropertyGroup Condition="'$(Config)'=='Debug' or '$(Cfg_2)'!=''">
			<Cfg_2>true</Cfg_2>
			<CfgParent>Base</CfgParent>
			<Base>true</Base>
		</PropertyGroup>
		<PropertyGroup Condition="'$(Base)'!=''">
			<DCC_DcuOutput>..\DCU\</DCC_DcuOutput>
			<DCC_ExeOutput>..\..\bin\Server\</DCC_ExeOutput>
			<DCC_DependencyCheckOutputName>..\..\bin\Server\MyCafe_Server.exe</DCC_DependencyCheckOutputName>
		</PropertyGroup>
		<PropertyGroup Condition="'$(Cfg_1)'!=''">
			<Version>7.0</Version>
			<DCC_DebugInformation>False</DCC_DebugInformation>
			<DCC_LocalDebugSymbols>False</DCC_LocalDebugSymbols>
			<DCC_SymbolReferenceInfo>0</DCC_SymbolReferenceInfo>
			<DCC_Define>RELEASE;$(DCC_Define)</DCC_Define>
			<DCC_UNSAFE_TYPE>True</DCC_UNSAFE_TYPE>
			<DCC_UNSAFE_CODE>True</DCC_UNSAFE_CODE>
			<DCC_UNSAFE_CAST>True</DCC_UNSAFE_CAST>
		</PropertyGroup>
		<PropertyGroup Condition="'$(Cfg_2)'!=''">
			<Version>7.0</Version>
			<DCC_Define>DEBUG;$(DCC_Define)</DCC_Define>
			<DCC_UNSAFE_TYPE>True</DCC_UNSAFE_TYPE>
			<DCC_UNSAFE_CODE>True</DCC_UNSAFE_CODE>
			<DCC_UNSAFE_CAST>True</DCC_UNSAFE_CAST>
		</PropertyGroup>
		<ItemGroup>
			<DelphiCompile Include="MyCafe_Server.dpr">
				<MainSource>MainSource</MainSource>
			</DelphiCompile>
			<DCCReference Include="..\..\Objects\Use\Use_Ser_U.pas"/>
			<DCCReference Include="..\..\Objects\Use\Use_Concerted_U.pas"/>
			<DCCReference Include="..\..\Objects\User\User_Concerted_U.pas"/>
			<DCCReference Include="..\..\Objects\Post Client\Post_Client_Ser_U.pas"/>
			<DCCReference Include="..\..\Objects\Post Client\Post_Client_Concerted_U.pas"/>
			<DCCReference Include="..\..\Objects\Round\Round_U.pas"/>
			<DCCReference Include="..\..\Objects\User\User_Ser_U.pas"/>
			<DCCReference Include="..\..\Concerted\Char\Char_U.pas"/>
			<DCCReference Include="..\..\Objects\Rate\Rate_U.pas"/>
			<DCCReference Include="..\..\Objects\UnitObjets\UnitObjets_Ser_U.pas"/>
			<DCCReference Include="..\..\Objects\Connexion\Connexion_Ser_U.pas"/>
			<DCCReference Include="..\..\Objects\Connexion\Connexion_Concerted_U.pas"/>
			<DCCReference Include="..\..\Objects\Type\Type_U.pas"/>
			<DCCReference Include="..\..\Objects\UnitObjets\UnitObjets_Concerted_U.pas"/>
			<DCCReference Include="..\..\Objects\Classes\Classes Ser\Classes_U.pas"/>
			<DCCReference Include="..\..\Objects\Use\Use_Account_U.pas"/>
			<DCCReference Include="..\..\Concerted\Frame Limitation Time\Frame_Limitation_Time_U.pas">
				<Form>Frame_Limitation_Time</Form>
				<DesignClass>TFrame</DesignClass>
			</DCCReference>
			<DCCReference Include="..\..\Concerted\Frame Limitation Time\Frame_Limitation_Time_Ser_U.pas">
				<Form>Frame_Limitation_Time_Ser</Form>
				<DesignClass>TFrame</DesignClass>
			</DCCReference>
			<DCCReference Include="..\..\Concerted\Frame Limitation Time\Form_Limitation_Time_Ser_U.pas">
				<Form>Form_Limitation_Time</Form>
			</DCCReference>
			<DCCReference Include="..\..\Concerted\Frame Options Connexion\FrameOptionsConnexion_U.pas">
				<Form>FrameOptionsConnexion</Form>
				<DesignClass>TFrame</DesignClass>
			</DCCReference>
			<DCCReference Include="..\Connexion Module\Connexion_Module_U.pas">
				<Form>Connexion_Module</Form>
				<DesignClass>TDataModule</DesignClass>
			</DCCReference>
			<DCCReference Include="..\Action Module\Action_Module_U.pas">
				<Form>Action_Module</Form>
				<DesignClass>TDataModule</DesignClass>
			</DCCReference>
			<DCCReference Include="..\Data Module\DataModuleBase_U.pas">
				<Form>DataModuleBase</Form>
				<DesignClass>TDataModule</DesignClass>
			</DCCReference>
			<DCCReference Include="..\Data Module Images\DataModuleImages_U.pas">
				<Form>DataModuleImages</Form>
				<DesignClass>TDataModule</DesignClass>
			</DCCReference>
			<DCCReference Include="..\Form ListView Post Client\Form_ListView_Post_Client_U.pas">
				<Form>Form_ListView_Post_Client</Form>
			</DCCReference>
			<DCCReference Include="..\Form Main\Form_Main_U.pas">
				<Form>Form_Main</Form>
			</DCCReference>
			<DCCReference Include="..\Form Options\Frames\FrameRound_U.pas">
				<Form>FrameRound</Form>
				<DesignClass>TFrame</DesignClass>
			</DCCReference>
			<DCCReference Include="..\Form Options\FormOptions_U.pas">
				<Form>FormOptions</Form>
			</DCCReference>
			<DCCReference Include="..\Form Change Use\Form_Change_Use_U.pas">
				<Form>Form_Change_Use</Form>
			</DCCReference>
			<DCCReference Include="..\..\Concerted\Frame Cost\Frame_Cost_U.pas">
				<Form>Frame_Cost</Form>
				<DesignClass>TFrame</DesignClass>
			</DCCReference>
			<DCCReference Include="..\..\Concerted\Frame Cost\Frame_Cost_Ser_U.pas">
				<Form>Frame_Cost_Ser</Form>
				<DesignClass>TFrame</DesignClass>
			</DCCReference>
			<DCCReference Include="..\Form Payment\Form_Payment_U.pas">
				<Form>Form_Payment</Form>
			</DCCReference>
			<DCCReference Include="..\Form Demand Use\Form_Demand_Use_U.pas">
				<Form>Form_Demand_Use</Form>
			</DCCReference>
			<DCCReference Include="..\..\Concerted\Form Enter PassWord_U\FormEnterPassWord_U.pas">
				<Form>FormEnterPassWord</Form>
			</DCCReference>
			<DCCReference Include="..\Form Demand Register\FormDemandRegister_U.pas">
				<Form>FormDemandRegister</Form>
			</DCCReference>
			<DCCReference Include="..\..\Concerted\Tools_U.pas"/>
			<DCCReference Include="..\..\Concerted\Frames Register\Frame_RegisterCustom2_U.pas">
				<Form>Frame_RegisterCustom2</Form>
				<DesignClass>TFrame</DesignClass>
			</DCCReference>
			<DCCReference Include="..\..\Concerted\Frames Register\Frame_RegisterCustom1_U.pas">
				<Form>Frame_RegisterCustom1</Form>
				<DesignClass>TFrame</DesignClass>
			</DCCReference>
			<None Include="ModelSupport_MyCafe_Server\Data_Module_U\default.txvpck"/>
			<None Include="ModelSupport_MyCafe_Server\UnitObjets_Concerted_U\default.txvpck"/>
			<None Include="ModelSupport_MyCafe_Server\Data_Module_U\default.txaPackage"/>
			<None Include="ModelSupport_MyCafe_Server\User_Ser_U\default.txaPackage"/>
			<None Include="ModelSupport_MyCafe_Server\UnitObjets_Concerted_U\default.txaPackage"/>
			<None Include="ModelSupport_MyCafe_Server\Post_Client_Concerted_U\default.txaPackage"/>
			<None Include="ModelSupport_MyCafe_Server\Use_Concerted_U\default.txaPackage"/>
			<None Include="ModelSupport_MyCafe_Server\User_Concerted_U\default.txaPackage"/>
			<None Include="ModelSupport_MyCafe_Server\default.txaPackage"/>
			<None Include="ModelSupport_MyCafe_Server\MyCafe_Server\default.txaPackage"/>
			<None Include="ModelSupport_MyCafe_Server\Connexion_Concerted_U\default.txaPackage"/>
			<None Include="ModelSupport_MyCafe_Server\MyCafe_Server\default.txvpck"/>
			<None Include="ModelSupport_MyCafe_Server\default.txvpck"/>
			<None Include="ModelSupport_MyCafe_Server\Classes_U\default.txvpck"/>
			<None Include="ModelSupport_MyCafe_Server\Classes_U\default.txaPackage"/>
			<None Include="ModelSupport_MyCafe_Server\Connexion_Concerted_U\default.txvpck"/>
			<None Include="ModelSupport_MyCafe_Server\Connexion_Module_U\default.txvpck"/>
			<None Include="ModelSupport_MyCafe_Server\Connexion_Ser_U\default.txvpck"/>
			<None Include="ModelSupport_MyCafe_Server\Connexion_Ser_U\default.txaPackage"/>
			<None Include="ModelSupport_MyCafe_Server\Rate_U\default.txvpck"/>
			<None Include="ModelSupport_MyCafe_Server\Rate_U\default.txaPackage"/>
			<None Include="ModelSupport_MyCafe_Server\Post_Client_Concerted_U\default.txvpck"/>
			<None Include="ModelSupport_MyCafe_Server\FrameRound_U\default.txvpck"/>
			<None Include="ModelSupport_MyCafe_Server\FrameRound_U\default.txaPackage"/>
			<None Include="ModelSupport_MyCafe_Server\Type_U\default.txvpck"/>
			<None Include="ModelSupport_MyCafe_Server\User_Ser_U\default.txvpck"/>
			<None Include="ModelSupport_MyCafe_Server\Action_Module_U\default.txvpck"/>
			<None Include="ModelSupport_MyCafe_Server\User_Concerted_U\default.txvpck"/>
			<None Include="ModelSupport_MyCafe_Server\DataModuleBase_U\default.txvpck"/>
			<None Include="ModelSupport_MyCafe_Server\DataModuleBase_U\default.txaPackage"/>
			<None Include="ModelSupport_MyCafe_Server\Unit1\default.txvpck"/>
			<None Include="ModelSupport_MyCafe_Server\Unit1\default.txaPackage"/>
			<None Include="ModelSupport_MyCafe_Server\DataModuleBaseSynchronization_U\default.txvpck"/>
			<None Include="ModelSupport_MyCafe_Server\DataModuleDialogs_U\default.txaPackage"/>
			<None Include="ModelSupport_MyCafe_Server\DataModuleBaseSynchronization_U\default.txaPackage"/>
			<None Include="ModelSupport_MyCafe_Server\Use_Ser_U\default.txvpck"/>
			<None Include="ModelSupport_MyCafe_Server\DemandRegister_U\default.txaPackage"/>
			<None Include="ModelSupport_MyCafe_Server\DemandRegister_U\default.txvpck"/>
			<None Include="ModelSupport_MyCafe_Server\FormDemandRegister_U\default.txvpck"/>
			<None Include="ModelSupport_MyCafe_Server\Tools\default.txaPackage"/>
			<None Include="ModelSupport_MyCafe_Server\FormDemandRegister_U\default.txaPackage"/>
			<BuildConfiguration Include="Base">
				<Key>Base</Key>
			</BuildConfiguration>
			<BuildConfiguration Include="Debug">
				<Key>Cfg_2</Key>
				<CfgParent>Base</CfgParent>
			</BuildConfiguration>
			<BuildConfiguration Include="Release">
				<Key>Cfg_1</Key>
				<CfgParent>Base</CfgParent>
			</BuildConfiguration>
		</ItemGroup>
		<Import Project="$(BDS)\Bin\CodeGear.Delphi.Targets" Condition="Exists('$(BDS)\Bin\CodeGear.Delphi.Targets')"/>
		<ProjectExtensions>
			<Borland.Personality>Delphi.Personality.12</Borland.Personality>
			<Borland.ProjectType>VCLApplication</Borland.ProjectType>
			<BorlandProject>
				<Delphi.Personality>
					<Parameters>
						<Parameters Name="UseLauncher">False</Parameters>
						<Parameters Name="LoadAllSymbols">True</Parameters>
						<Parameters Name="LoadUnspecifiedSymbols">False</Parameters>
					</Parameters>
					<VersionInfo>
						<VersionInfo Name="IncludeVerInfo">False</VersionInfo>
						<VersionInfo Name="AutoIncBuild">False</VersionInfo>
						<VersionInfo Name="MajorVer">1</VersionInfo>
						<VersionInfo Name="MinorVer">0</VersionInfo>
						<VersionInfo Name="Release">0</VersionInfo>
						<VersionInfo Name="Build">0</VersionInfo>
						<VersionInfo Name="Debug">False</VersionInfo>
						<VersionInfo Name="PreRelease">False</VersionInfo>
						<VersionInfo Name="Special">False</VersionInfo>
						<VersionInfo Name="Private">False</VersionInfo>
						<VersionInfo Name="DLL">False</VersionInfo>
						<VersionInfo Name="Locale">5121</VersionInfo>
						<VersionInfo Name="CodePage">1256</VersionInfo>
					</VersionInfo>
					<VersionInfoKeys>
						<VersionInfoKeys Name="CompanyName"/>
						<VersionInfoKeys Name="FileDescription"/>
						<VersionInfoKeys Name="FileVersion">1.0.0.0</VersionInfoKeys>
						<VersionInfoKeys Name="InternalName"/>
						<VersionInfoKeys Name="LegalCopyright"/>
						<VersionInfoKeys Name="LegalTrademarks"/>
						<VersionInfoKeys Name="OriginalFilename"/>
						<VersionInfoKeys Name="ProductName"/>
						<VersionInfoKeys Name="ProductVersion">1.0.0.0</VersionInfoKeys>
						<VersionInfoKeys Name="Comments"/>
					</VersionInfoKeys>
					<Source>
						<Source Name="MainSource">MyCafe_Server.dpr</Source>
					</Source>
				</Delphi.Personality>
				<ModelSupport>True</ModelSupport>
			</BorlandProject>
			<ProjectFileVersion>12</ProjectFileVersion>
		</ProjectExtensions>
	</Project>
